
Microsoft Visual Studio Solution File, Format Version 12.00
# Visual Studio Version 17
VisualStudioVersion = 17.10.35013.160
MinimumVisualStudioVersion = 10.0.40219.1
Project("{9A19103F-16F7-4668-BE54-9A1E7A4F7556}") = "lesson2", "lesson2\lesson2.csproj", "{B30CFFB4-F95B-4377-A237-D5CE3CBF5261}"
EndProject
Global
	GlobalSection(SolutionConfigurationPlatforms) = preSolution
		Debug|Any CPU = Debug|Any CPU
		Release|Any CPU = Release|Any CPU
	EndGlobalSection
	GlobalSection(ProjectConfigurationPlatforms) = postSolution
		{B30CFFB4-F95B-4377-A237-D5CE3CBF5261}.Debug|Any CPU.ActiveCfg = Debug|Any CPU
		{B30CFFB4-F95B-4377-A237-D5CE3CBF5261}.Debug|Any CPU.Build.0 = Debug|Any CPU
		{B30CFFB4-F95B-4377-A237-D5CE3CBF5261}.Release|Any CPU.ActiveCfg = Release|Any CPU
		{B30CFFB4-F95B-4377-A237-D5CE3CBF5261}.Release|Any CPU.Build.0 = Release|Any CPU
	EndGlobalSection
	GlobalSection(SolutionProperties) = preSolution
		HideSolutionNode = FALSE
	EndGlobalSection
	GlobalSection(ExtensibilityGlobals) = postSolution
		SolutionGuid = {54E4D855-5086-41B8-941A-6CCCB3C251C3}
	EndGlobalSection
EndGlobal
